
Microsoft Visual Studio Solution File, Format Version 12.00
# Visual Studio 2015
Project("{FAE04EC0-301F-11D3-BF4B-00C04F79EFBC}") = "A-Letter-And-A-Ring.CSharp", "A-Letter-And-A-Ring.CSharp.csproj", "{9A9E2C80-6A92-2C1D-2960-AA4E7C835037}"
EndProject
Project("{FAE04EC0-301F-11D3-BF4B-00C04F79EFBC}") = "A-Letter-And-A-Ring.CSharp.Editor", "A-Letter-And-A-Ring.CSharp.Editor.csproj", "{7625218A-0F6A-56FE-EC6F-77712BC5301E}"
EndProject
Global
	GlobalSection(SolutionConfigurationPlatforms) = preSolution
		Debug|Any CPU = Debug|Any CPU
		Release|Any CPU = Release|Any CPU
	EndGlobalSection
	GlobalSection(ProjectConfigurationPlatforms) = postSolution
		{9A9E2C80-6A92-2C1D-2960-AA4E7C835037}.Debug|Any CPU.ActiveCfg = Debug|Any CPU
		{9A9E2C80-6A92-2C1D-2960-AA4E7C835037}.Debug|Any CPU.Build.0 = Debug|Any CPU
		{9A9E2C80-6A92-2C1D-2960-AA4E7C835037}.Release|Any CPU.ActiveCfg = Release|Any CPU
		{9A9E2C80-6A92-2C1D-2960-AA4E7C835037}.Release|Any CPU.Build.0 = Release|Any CPU
		{7625218A-0F6A-56FE-EC6F-77712BC5301E}.Debug|Any CPU.ActiveCfg = Debug|Any CPU
		{7625218A-0F6A-56FE-EC6F-77712BC5301E}.Debug|Any CPU.Build.0 = Debug|Any CPU
		{7625218A-0F6A-56FE-EC6F-77712BC5301E}.Release|Any CPU.ActiveCfg = Release|Any CPU
		{7625218A-0F6A-56FE-EC6F-77712BC5301E}.Release|Any CPU.Build.0 = Release|Any CPU
	EndGlobalSection
	GlobalSection(SolutionProperties) = preSolution
		HideSolutionNode = FALSE
	EndGlobalSection
EndGlobal
