Microsoft Visual Studio Solution File, Format Version 11.00
# Visual Studio 2008

Project("{C181221C-6976-6A98-F08D-63CC85C5723E}") = "A-Letter-And-A-Ring", "Assembly-CSharp.csproj", "{1FDEAA48-CB16-53B4-78FD-85F03CE2D33D}"
EndProject
Project("{C181221C-6976-6A98-F08D-63CC85C5723E}") = "A-Letter-And-A-Ring", "Assembly-CSharp-Editor.csproj", "{D71FB546-F9EE-8CDD-4D63-221A37D617A2}"
EndProject
Global
	GlobalSection(SolutionConfigurationPlatforms) = preSolution
		Debug|Any CPU = Debug|Any CPU
		Release|Any CPU = Release|Any CPU
	EndGlobalSection
	GlobalSection(ProjectConfigurationPlatforms) = postSolution
		{1FDEAA48-CB16-53B4-78FD-85F03CE2D33D}.Debug|Any CPU.ActiveCfg = Debug|Any CPU
		{1FDEAA48-CB16-53B4-78FD-85F03CE2D33D}.Debug|Any CPU.Build.0 = Debug|Any CPU
		{1FDEAA48-CB16-53B4-78FD-85F03CE2D33D}.Release|Any CPU.ActiveCfg = Release|Any CPU
		{1FDEAA48-CB16-53B4-78FD-85F03CE2D33D}.Release|Any CPU.Build.0 = Release|Any CPU
		{D71FB546-F9EE-8CDD-4D63-221A37D617A2}.Debug|Any CPU.ActiveCfg = Debug|Any CPU
		{D71FB546-F9EE-8CDD-4D63-221A37D617A2}.Debug|Any CPU.Build.0 = Debug|Any CPU
		{D71FB546-F9EE-8CDD-4D63-221A37D617A2}.Release|Any CPU.ActiveCfg = Release|Any CPU
		{D71FB546-F9EE-8CDD-4D63-221A37D617A2}.Release|Any CPU.Build.0 = Release|Any CPU
	EndGlobalSection
	GlobalSection(SolutionProperties) = preSolution
		HideSolutionNode = FALSE
	EndGlobalSection
	GlobalSection(MonoDevelopProperties) = preSolution
		StartupItem = Assembly-CSharp.csproj
	EndGlobalSection
EndGlobal
